// !$*UTF8*$!
{
	archiveVersion = 1;
	classes = {
	};
	objectVersion = 46;
	objects = {

/* Begin PBXBuildFile section */
		5A2D651115F90D0000C3FB03 /* UIKit.framework in Frameworks */ = {isa = PBXBuildFile; fileRef = 5A2D651015F90D0000C3FB03 /* UIKit.framework */; };
		5A2D651315F90D0000C3FB03 /* Foundation.framework in Frameworks */ = {isa = PBXBuildFile; fileRef = 5A2D651215F90D0000C3FB03 /* Foundation.framework */; };
		5A2D651515F90D0000C3FB03 /* CoreGraphics.framework in Frameworks */ = {isa = PBXBuildFile; fileRef = 5A2D651415F90D0000C3FB03 /* CoreGraphics.framework */; };
		5A2D651B15F90D0000C3FB03 /* InfoPlist.strings in Resources */ = {isa = PBXBuildFile; fileRef = 5A2D651915F90D0000C3FB03 /* InfoPlist.strings */; };
		5A2D651D15F90D0000C3FB03 /* main.m in Sources */ = {isa = PBXBuildFile; fileRef = 5A2D651C15F90D0000C3FB03 /* main.m */; };
		5A2D652115F90D0000C3FB03 /* PRPAppDelegate.m in Sources */ = {isa = PBXBuildFile; fileRef = 5A2D652015F90D0000C3FB03 /* PRPAppDelegate.m */; };
		5A2D652415F90D0000C3FB03 /* MainStoryboard.storyboard in Resources */ = {isa = PBXBuildFile; fileRef = 5A2D652215F90D0000C3FB03 /* MainStoryboard.storyboard */; };
		5A2D652715F90D0000C3FB03 /* PRPViewController.m in Sources */ = {isa = PBXBuildFile; fileRef = 5A2D652615F90D0000C3FB03 /* PRPViewController.m */; };
/* End PBXBuildFile section */

/* Begin PBXFileReference section */
		5A2D650C15F90D0000C3FB03 /* StoryboardRecipes.app */ = {isa = PBXFileReference; explicitFileType = wrapper.application; includeInIndex = 0; path = StoryboardRecipes.app; sourceTree = BUILT_PRODUCTS_DIR; };
		5A2D651015F90D0000C3FB03 /* UIKit.framework */ = {isa = PBXFileReference; lastKnownFileType = wrapper.framework; name = UIKit.framework; path = System/Library/Frameworks/UIKit.framework; sourceTree = SDKROOT; };
		5A2D651215F90D0000C3FB03 /* Foundation.framework */ = {isa = PBXFileReference; lastKnownFileType = wrapper.framework; name = Foundation.framework; path = System/Library/Frameworks/Foundation.framework; sourceTree = SDKROOT; };
		5A2D651415F90D0000C3FB03 /* CoreGraphics.framework */ = {isa = PBXFileReference; lastKnownFileType = wrapper.framework; name = CoreGraphics.framework; path = System/Library/Frameworks/CoreGraphics.framework; sourceTree = SDKROOT; };
		5A2D651815F90D0000C3FB03 /* StoryboardRecipes-Info.plist */ = {isa = PBXFileReference; lastKnownFileType = text.plist.xml; path = "StoryboardRecipes-Info.plist"; sourceTree = "<group>"; };
		5A2D651A15F90D0000C3FB03 /* en */ = {isa = PBXFileReference; lastKnownFileType = text.plist.strings; name = en; path = en.lproj/InfoPlist.strings; sourceTree = "<group>"; };
		5A2D651C15F90D0000C3FB03 /* main.m */ = {isa = PBXFileReference; lastKnownFileType = sourcecode.c.objc; path = main.m; sourceTree = "<group>"; };
		5A2D651E15F90D0000C3FB03 /* StoryboardRecipes-Prefix.pch */ = {isa = PBXFileReference; lastKnownFileType = sourcecode.c.h; path = "StoryboardRecipes-Prefix.pch"; sourceTree = "<group>"; };
		5A2D651F15F90D0000C3FB03 /* PRPAppDelegate.h */ = {isa = PBXFileReference; lastKnownFileType = sourcecode.c.h; path = PRPAppDelegate.h; sourceTree = "<group>"; };
		5A2D652015F90D0000C3FB03 /* PRPAppDelegate.m */ = {isa = PBXFileReference; lastKnownFileType = sourcecode.c.objc; path = PRPAppDelegate.m; sourceTree = "<group>"; };
		5A2D652315F90D0000C3FB03 /* en */ = {isa = PBXFileReference; lastKnownFileType = file.storyboard; name = en; path = en.lproj/MainStoryboard.storyboard; sourceTree = "<group>"; };
		5A2D652515F90D0000C3FB03 /* PRPViewController.h */ = {isa = PBXFileReference; lastKnownFileType = sourcecode.c.h; path = PRPViewController.h; sourceTree = "<group>"; };
		5A2D652615F90D0000C3FB03 /* PRPViewController.m */ = {isa = PBXFileReference; lastKnownFileType = sourcecode.c.objc; path = PRPViewController.m; sourceTree = "<group>"; };
/* End PBXFileReference section */

/* Begin PBXFrameworksBuildPhase section */
		5A2D650915F90CFF00C3FB03 /* Frameworks */ = {
			isa = PBXFrameworksBuildPhase;
			buildActionMask = 2147483647;
			files = (
				5A2D651115F90D0000C3FB03 /* UIKit.framework in Frameworks */,
				5A2D651315F90D0000C3FB03 /* Foundation.framework in Frameworks */,
				5A2D651515F90D0000C3FB03 /* CoreGraphics.framework in Frameworks */,
			);
			runOnlyForDeploymentPostprocessing = 0;
		};
/* End PBXFrameworksBuildPhase section */

/* Begin PBXGroup section */
		5A2D650115F90CFF00C3FB03 = {
			isa = PBXGroup;
			children = (
				5A2D651615F90D0000C3FB03 /* StoryboardRecipes */,
				5A2D650F15F90D0000C3FB03 /* Frameworks */,
				5A2D650D15F90D0000C3FB03 /* Products */,
			);
			sourceTree = "<group>";
		};
		5A2D650D15F90D0000C3FB03 /* Products */ = {
			isa = PBXGroup;
			children = (
				5A2D650C15F90D0000C3FB03 /* StoryboardRecipes.app */,
			);
			name = Products;
			sourceTree = "<group>";
		};
		5A2D650F15F90D0000C3FB03 /* Frameworks */ = {
			isa = PBXGroup;
			children = (
				5A2D651015F90D0000C3FB03 /* UIKit.framework */,
				5A2D651215F90D0000C3FB03 /* Foundation.framework */,
				5A2D651415F90D0000C3FB03 /* CoreGraphics.framework */,
			);
			name = Frameworks;
			sourceTree = "<group>";
		};
		5A2D651615F90D0000C3FB03 /* StoryboardRecipes */ = {
			isa = PBXGroup;
			children = (
				5A2D651F15F90D0000C3FB03 /* PRPAppDelegate.h */,
				5A2D652015F90D0000C3FB03 /* PRPAppDelegate.m */,
				5A2D652215F90D0000C3FB03 /* MainStoryboard.storyboard */,
				5A2D652515F90D0000C3FB03 /* PRPViewController.h */,
				5A2D652615F90D0000C3FB03 /* PRPViewController.m */,
				5A2D651715F90D0000C3FB03 /* Supporting Files */,
			);
			path = StoryboardRecipes;
			sourceTree = "<group>";
		};
		5A2D651715F90D0000C3FB03 /* Supporting Files */ = {
			isa = PBXGroup;
			children = (
				5A2D651815F90D0000C3FB03 /* StoryboardRecipes-Info.plist */,
				5A2D651915F90D0000C3FB03 /* InfoPlist.strings */,
				5A2D651C15F90D0000C3FB03 /* main.m */,
				5A2D651E15F90D0000C3FB03 /* StoryboardRecipes-Prefix.pch */,
			);
			name = "Supporting Files";
			sourceTree = "<group>";
		};
/* End PBXGroup section */

/* Begin PBXNativeTarget section */
		5A2D650B15F90CFF00C3FB03 /* StoryboardRecipes */ = {
			isa = PBXNativeTarget;
			buildConfigurationList = 5A2D652A15F90D0000C3FB03 /* Build configuration list for PBXNativeTarget "StoryboardRecipes" */;
			buildPhases = (
				5A2D650815F90CFF00C3FB03 /* Sources */,
				5A2D650915F90CFF00C3FB03 /* Frameworks */,
				5A2D650A15F90CFF00C3FB03 /* Resources */,
			);
			buildRules = (
			);
			dependencies = (
			);
			name = StoryboardRecipes;
			productName = StoryboardRecipes;
			productReference = 5A2D650C15F90D0000C3FB03 /* StoryboardRecipes.app */;
			productType = "com.apple.product-type.application";
		};
/* End PBXNativeTarget section */

/* Begin PBXProject section */
		5A2D650315F90CFF00C3FB03 /* Project object */ = {
			isa = PBXProject;
			attributes = {
				CLASSPREFIX = PRP;
				LastUpgradeCheck = 0440;
				ORGANIZATIONNAME = Owen;
			};
			buildConfigurationList = 5A2D650615F90CFF00C3FB03 /* Build configuration list for PBXProject "StoryboardRecipes" */;
			compatibilityVersion = "Xcode 3.2";
			developmentRegion = English;
			hasScannedForEncodings = 0;
			knownRegions = (
				en,
			);
			mainGroup = 5A2D650115F90CFF00C3FB03;
			productRefGroup = 5A2D650D15F90D0000C3FB03 /* Products */;
			projectDirPath = "";
			projectRoot = "";
			targets = (
				5A2D650B15F90CFF00C3FB03 /* StoryboardRecipes */,
			);
		};
/* End PBXProject section */

/* Begin PBXResourcesBuildPhase section */
		5A2D650A15F90CFF00C3FB03 /* Resources */ = {
			isa = PBXResourcesBuildPhase;
			buildActionMask = 2147483647;
			files = (
				5A2D651B15F90D0000C3FB03 /* InfoPlist.strings in Resources */,
				5A2D652415F90D0000C3FB03 /* MainStoryboard.storyboard in Resources */,
			);
			runOnlyForDeploymentPostprocessing = 0;
		};
/* End PBXResourcesBuildPhase section */

/* Begin PBXSourcesBuildPhase section */
		5A2D650815F90CFF00C3FB03 /* Sources */ = {
			isa = PBXSourcesBuildPhase;
			buildActionMask = 2147483647;
			files = (
				5A2D651D15F90D0000C3FB03 /* main.m in Sources */,
				5A2D652115F90D0000C3FB03 /* PRPAppDelegate.m in Sources */,
				5A2D652715F90D0000C3FB03 /* PRPViewController.m in Sources */,
			);
			runOnlyForDeploymentPostprocessing = 0;
		};
/* End PBXSourcesBuildPhase section */

/* Begin PBXVariantGroup section */
		5A2D651915F90D0000C3FB03 /* InfoPlist.strings */ = {
			isa = PBXVariantGroup;
			children = (
				5A2D651A15F90D0000C3FB03 /* en */,
			);
			name = InfoPlist.strings;
			sourceTree = "<group>";
		};
		5A2D652215F90D0000C3FB03 /* MainStoryboard.storyboard */ = {
			isa = PBXVariantGroup;
			children = (
				5A2D652315F90D0000C3FB03 /* en */,
			);
			name = MainStoryboard.storyboard;
			sourceTree = "<group>";
		};
/* End PBXVariantGroup section */

/* Begin XCBuildConfiguration section */
		5A2D652815F90D0000C3FB03 /* Debug */ = {
			isa = XCBuildConfiguration;
			buildSettings = {
				ALWAYS_SEARCH_USER_PATHS = NO;
				ARCHS = "$(ARCHS_STANDARD_32_BIT)";
				CLANG_CXX_LANGUAGE_STANDARD = "gnu++0x";
				CLANG_ENABLE_OBJC_ARC = YES;
				CLANG_WARN__DUPLICATE_METHOD_MATCH = YES;
				"CODE_SIGN_IDENTITY[sdk=iphoneos*]" = "iPhone Developer";
				COPY_PHASE_STRIP = NO;
				GCC_C_LANGUAGE_STANDARD = gnu99;
				GCC_DYNAMIC_NO_PIC = NO;
				GCC_OPTIMIZATION_LEVEL = 0;
				GCC_PREPROCESSOR_DEFINITIONS = (
					"DEBUG=1",
					"$(inherited)",
				);
				GCC_SYMBOLS_PRIVATE_EXTERN = NO;
				GCC_VERSION = com.apple.compilers.llvm.clang.1_0;
				GCC_WARN_ABOUT_RETURN_TYPE = YES;
				GCC_WARN_UNINITIALIZED_AUTOS = YES;
				GCC_WARN_UNUSED_VARIABLE = YES;
				IPHONEOS_DEPLOYMENT_TARGET = 5.1;
				SDKROOT = iphoneos;
			};
			name = Debug;
		};
		5A2D652915F90D0000C3FB03 /* Release */ = {
			isa = XCBuildConfiguration;
			buildSettings = {
				ALWAYS_SEARCH_USER_PATHS = NO;
				ARCHS = "$(ARCHS_STANDARD_32_BIT)";
				CLANG_CXX_LANGUAGE_STANDARD = "gnu++0x";
				CLANG_ENABLE_OBJC_ARC = YES;
				CLANG_WARN__DUPLICATE_METHOD_MATCH = YES;
				"CODE_SIGN_IDENTITY[sdk=iphoneos*]" = "iPhone Developer";
				COPY_PHASE_STRIP = YES;
				GCC_C_LANGUAGE_STANDARD = gnu99;
				GCC_VERSION = com.apple.compilers.llvm.clang.1_0;
				GCC_WARN_ABOUT_RETURN_TYPE = YES;
				GCC_WARN_UNINITIALIZED_AUTOS = YES;
				GCC_WARN_UNUSED_VARIABLE = YES;
				IPHONEOS_DEPLOYMENT_TARGET = 5.1;
				OTHER_CFLAGS = "-DNS_BLOCK_ASSERTIONS=1";
				SDKROOT = iphoneos;
				VALIDATE_PRODUCT = YES;
			};
			name = Release;
		};
		5A2D652B15F90D0000C3FB03 /* Debug */ = {
			isa = XCBuildConfiguration;
			buildSettings = {
				GCC_PRECOMPILE_PREFIX_HEADER = YES;
				GCC_PREFIX_HEADER = "StoryboardRecipes/StoryboardRecipes-Prefix.pch";
				INFOPLIST_FILE = "StoryboardRecipes/StoryboardRecipes-Info.plist";
				PRODUCT_NAME = "$(TARGET_NAME)";
				WRAPPER_EXTENSION = app;
			};
			name = Debug;
		};
		5A2D652C15F90D0000C3FB03 /* Release */ = {
			isa = XCBuildConfiguration;
			buildSettings = {
				GCC_PRECOMPILE_PREFIX_HEADER = YES;
				GCC_PREFIX_HEADER = "StoryboardRecipes/StoryboardRecipes-Prefix.pch";
				INFOPLIST_FILE = "StoryboardRecipes/StoryboardRecipes-Info.plist";
				PRODUCT_NAME = "$(TARGET_NAME)";
				WRAPPER_EXTENSION = app;
			};
			name = Release;
		};
/* End XCBuildConfiguration section */

/* Begin XCConfigurationList section */
		5A2D650615F90CFF00C3FB03 /* Build configuration list for PBXProject "StoryboardRecipes" */ = {
			isa = XCConfigurationList;
			buildConfigurations = (
				5A2D652815F90D0000C3FB03 /* Debug */,
				5A2D652915F90D0000C3FB03 /* Release */,
			);
			defaultConfigurationIsVisible = 0;
			defaultConfigurationName = Release;
		};
		5A2D652A15F90D0000C3FB03 /* Build configuration list for PBXNativeTarget "StoryboardRecipes" */ = {
			isa = XCConfigurationList;
			buildConfigurations = (
				5A2D652B15F90D0000C3FB03 /* Debug */,
				5A2D652C15F90D0000C3FB03 /* Release */,
			);
			defaultConfigurationIsVisible = 0;
		};
/* End XCConfigurationList section */
	};
	rootObject = 5A2D650315F90CFF00C3FB03 /* Project object */;
}
